
Microsoft Visual Studio Solution File, Format Version 12.00
# Visual Studio Version 17
VisualStudioVersion = 17.0.32112.339
MinimumVisualStudioVersion = 10.0.40219.1
Project("{9A19103F-16F7-4668-BE54-9A1E7A4F7556}") = "SFA.DAS.ApprenticeFeedback.Api", "SFA.DAS.ApprenticeFeedback.Api\SFA.DAS.ApprenticeFeedback.Api.csproj", "{27C22FCD-EE3B-4385-B88B-B8D25ABA61C6}"
EndProject
Project("{2150E333-8FDC-42A3-9474-1A3956D46DE8}") = "Tests", "Tests", "{F0113337-E298-4D11-AA06-23B69C2337E0}"
EndProject
Project("{00D1A9C2-B5F0-4AF3-8072-F6C62B433612}") = "SFA.DAS.ApprenticeFeedback.Database", "SFA.DAS.ApprenticeFeedback.Database\SFA.DAS.ApprenticeFeedback.Database.sqlproj", "{F3A5C5A1-A598-42C7-888D-AB94B9C00A09}"
EndProject
Project("{9A19103F-16F7-4668-BE54-9A1E7A4F7556}") = "SFA.DAS.ApprenticeFeedback.Api.UnitTests", "Tests\SFA.DAS.ApprenticeFeedback.Api.UnitTests\SFA.DAS.ApprenticeFeedback.Api.UnitTests.csproj", "{2833F5AF-52AD-441B-A4D8-10C736B118B0}"
EndProject
Project("{9A19103F-16F7-4668-BE54-9A1E7A4F7556}") = "SFA.DAS.ApprenticeFeedback.Domain", "SFA.DAS.ApprenticeFeedback.Domain\SFA.DAS.ApprenticeFeedback.Domain.csproj", "{B4EC15C8-5EAC-4C22-A8FA-B253CA7350B6}"
EndProject
Project("{9A19103F-16F7-4668-BE54-9A1E7A4F7556}") = "SFA.DAS.ApprenticeFeedback.Application", "SFA.DAS.ApprenticeFeedback.Application\SFA.DAS.ApprenticeFeedback.Application.csproj", "{83C25C98-A4B3-4048-A262-2C21C880120D}"
EndProject
Project("{9A19103F-16F7-4668-BE54-9A1E7A4F7556}") = "SFA.DAS.ApprenticeFeedback.Application.UnitTests", "SFA.DAS.ApprenticeFeedback.Application.UnitTests\SFA.DAS.ApprenticeFeedback.Application.UnitTests.csproj", "{F9461794-BA7B-4BBD-B57B-19FD3517380F}"
EndProject
Project("{9A19103F-16F7-4668-BE54-9A1E7A4F7556}") = "SFA.DAS.ApprenticeFeedback.Data", "SFA.DAS.ApprenticeFeedback.Data\SFA.DAS.ApprenticeFeedback.Data.csproj", "{C03DAA3A-2889-4E7B-96CE-65FBA264A780}"
EndProject
Project("{9A19103F-16F7-4668-BE54-9A1E7A4F7556}") = "SFA.DAS.ApprenticeFeedback.Api.IntegrationTests", "SFA.DAS.ApprenticeFeedback.Api.IntegrationTests\SFA.DAS.ApprenticeFeedback.Api.IntegrationTests.csproj", "{CAE03C5C-6AFE-4E46-8CB3-59383FE6587D}"
EndProject
Project("{FAE04EC0-301F-11D3-BF4B-00C04F79EFBC}") = "SFA.DAS.ApprenticeFeedback.Domain.UnitTests", "SFA.DAS.ApprenticeFeedback.Domain.UnitTests\SFA.DAS.ApprenticeFeedback.Domain.UnitTests.csproj", "{0BBA046A-B242-438C-BF96-A5D55BE1E198}"
EndProject
Global
	GlobalSection(SolutionConfigurationPlatforms) = preSolution
		Debug|Any CPU = Debug|Any CPU
		Debug|x64 = Debug|x64
		Debug|x86 = Debug|x86
		Release|Any CPU = Release|Any CPU
		Release|x64 = Release|x64
		Release|x86 = Release|x86
	EndGlobalSection
	GlobalSection(ProjectConfigurationPlatforms) = postSolution
		{27C22FCD-EE3B-4385-B88B-B8D25ABA61C6}.Debug|Any CPU.ActiveCfg = Debug|Any CPU
		{27C22FCD-EE3B-4385-B88B-B8D25ABA61C6}.Debug|Any CPU.Build.0 = Debug|Any CPU
		{27C22FCD-EE3B-4385-B88B-B8D25ABA61C6}.Debug|x64.ActiveCfg = Debug|Any CPU
		{27C22FCD-EE3B-4385-B88B-B8D25ABA61C6}.Debug|x64.Build.0 = Debug|Any CPU
		{27C22FCD-EE3B-4385-B88B-B8D25ABA61C6}.Debug|x86.ActiveCfg = Debug|Any CPU
		{27C22FCD-EE3B-4385-B88B-B8D25ABA61C6}.Debug|x86.Build.0 = Debug|Any CPU
		{27C22FCD-EE3B-4385-B88B-B8D25ABA61C6}.Release|Any CPU.ActiveCfg = Release|Any CPU
		{27C22FCD-EE3B-4385-B88B-B8D25ABA61C6}.Release|Any CPU.Build.0 = Release|Any CPU
		{27C22FCD-EE3B-4385-B88B-B8D25ABA61C6}.Release|x64.ActiveCfg = Release|Any CPU
		{27C22FCD-EE3B-4385-B88B-B8D25ABA61C6}.Release|x64.Build.0 = Release|Any CPU
		{27C22FCD-EE3B-4385-B88B-B8D25ABA61C6}.Release|x86.ActiveCfg = Release|Any CPU
		{27C22FCD-EE3B-4385-B88B-B8D25ABA61C6}.Release|x86.Build.0 = Release|Any CPU
		{F3A5C5A1-A598-42C7-888D-AB94B9C00A09}.Debug|Any CPU.ActiveCfg = Debug|Any CPU
		{F3A5C5A1-A598-42C7-888D-AB94B9C00A09}.Debug|Any CPU.Build.0 = Debug|Any CPU
		{F3A5C5A1-A598-42C7-888D-AB94B9C00A09}.Debug|Any CPU.Deploy.0 = Debug|Any CPU
		{F3A5C5A1-A598-42C7-888D-AB94B9C00A09}.Debug|x64.ActiveCfg = Debug|Any CPU
		{F3A5C5A1-A598-42C7-888D-AB94B9C00A09}.Debug|x64.Build.0 = Debug|Any CPU
		{F3A5C5A1-A598-42C7-888D-AB94B9C00A09}.Debug|x64.Deploy.0 = Debug|Any CPU
		{F3A5C5A1-A598-42C7-888D-AB94B9C00A09}.Debug|x86.ActiveCfg = Debug|Any CPU
		{F3A5C5A1-A598-42C7-888D-AB94B9C00A09}.Debug|x86.Build.0 = Debug|Any CPU
		{F3A5C5A1-A598-42C7-888D-AB94B9C00A09}.Debug|x86.Deploy.0 = Debug|Any CPU
		{F3A5C5A1-A598-42C7-888D-AB94B9C00A09}.Release|Any CPU.ActiveCfg = Release|Any CPU
		{F3A5C5A1-A598-42C7-888D-AB94B9C00A09}.Release|Any CPU.Build.0 = Release|Any CPU
		{F3A5C5A1-A598-42C7-888D-AB94B9C00A09}.Release|Any CPU.Deploy.0 = Release|Any CPU
		{F3A5C5A1-A598-42C7-888D-AB94B9C00A09}.Release|x64.ActiveCfg = Release|Any CPU
		{F3A5C5A1-A598-42C7-888D-AB94B9C00A09}.Release|x64.Build.0 = Release|Any CPU
		{F3A5C5A1-A598-42C7-888D-AB94B9C00A09}.Release|x64.Deploy.0 = Release|Any CPU
		{F3A5C5A1-A598-42C7-888D-AB94B9C00A09}.Release|x86.ActiveCfg = Release|Any CPU
		{F3A5C5A1-A598-42C7-888D-AB94B9C00A09}.Release|x86.Build.0 = Release|Any CPU
		{F3A5C5A1-A598-42C7-888D-AB94B9C00A09}.Release|x86.Deploy.0 = Release|Any CPU
		{2833F5AF-52AD-441B-A4D8-10C736B118B0}.Debug|Any CPU.ActiveCfg = Debug|Any CPU
		{2833F5AF-52AD-441B-A4D8-10C736B118B0}.Debug|Any CPU.Build.0 = Debug|Any CPU
		{2833F5AF-52AD-441B-A4D8-10C736B118B0}.Debug|x64.ActiveCfg = Debug|Any CPU
		{2833F5AF-52AD-441B-A4D8-10C736B118B0}.Debug|x64.Build.0 = Debug|Any CPU
		{2833F5AF-52AD-441B-A4D8-10C736B118B0}.Debug|x86.ActiveCfg = Debug|Any CPU
		{2833F5AF-52AD-441B-A4D8-10C736B118B0}.Debug|x86.Build.0 = Debug|Any CPU
		{2833F5AF-52AD-441B-A4D8-10C736B118B0}.Release|Any CPU.ActiveCfg = Release|Any CPU
		{2833F5AF-52AD-441B-A4D8-10C736B118B0}.Release|Any CPU.Build.0 = Release|Any CPU
		{2833F5AF-52AD-441B-A4D8-10C736B118B0}.Release|x64.ActiveCfg = Release|Any CPU
		{2833F5AF-52AD-441B-A4D8-10C736B118B0}.Release|x64.Build.0 = Release|Any CPU
		{2833F5AF-52AD-441B-A4D8-10C736B118B0}.Release|x86.ActiveCfg = Release|Any CPU
		{2833F5AF-52AD-441B-A4D8-10C736B118B0}.Release|x86.Build.0 = Release|Any CPU
		{B4EC15C8-5EAC-4C22-A8FA-B253CA7350B6}.Debug|Any CPU.ActiveCfg = Debug|Any CPU
		{B4EC15C8-5EAC-4C22-A8FA-B253CA7350B6}.Debug|Any CPU.Build.0 = Debug|Any CPU
		{B4EC15C8-5EAC-4C22-A8FA-B253CA7350B6}.Debug|x64.ActiveCfg = Debug|Any CPU
		{B4EC15C8-5EAC-4C22-A8FA-B253CA7350B6}.Debug|x64.Build.0 = Debug|Any CPU
		{B4EC15C8-5EAC-4C22-A8FA-B253CA7350B6}.Debug|x86.ActiveCfg = Debug|Any CPU
		{B4EC15C8-5EAC-4C22-A8FA-B253CA7350B6}.Debug|x86.Build.0 = Debug|Any CPU
		{B4EC15C8-5EAC-4C22-A8FA-B253CA7350B6}.Release|Any CPU.ActiveCfg = Release|Any CPU
		{B4EC15C8-5EAC-4C22-A8FA-B253CA7350B6}.Release|Any CPU.Build.0 = Release|Any CPU
		{B4EC15C8-5EAC-4C22-A8FA-B253CA7350B6}.Release|x64.ActiveCfg = Release|Any CPU
		{B4EC15C8-5EAC-4C22-A8FA-B253CA7350B6}.Release|x64.Build.0 = Release|Any CPU
		{B4EC15C8-5EAC-4C22-A8FA-B253CA7350B6}.Release|x86.ActiveCfg = Release|Any CPU
		{B4EC15C8-5EAC-4C22-A8FA-B253CA7350B6}.Release|x86.Build.0 = Release|Any CPU
		{83C25C98-A4B3-4048-A262-2C21C880120D}.Debug|Any CPU.ActiveCfg = Debug|Any CPU
		{83C25C98-A4B3-4048-A262-2C21C880120D}.Debug|Any CPU.Build.0 = Debug|Any CPU
		{83C25C98-A4B3-4048-A262-2C21C880120D}.Debug|x64.ActiveCfg = Debug|Any CPU
		{83C25C98-A4B3-4048-A262-2C21C880120D}.Debug|x64.Build.0 = Debug|Any CPU
		{83C25C98-A4B3-4048-A262-2C21C880120D}.Debug|x86.ActiveCfg = Debug|Any CPU
		{83C25C98-A4B3-4048-A262-2C21C880120D}.Debug|x86.Build.0 = Debug|Any CPU
		{83C25C98-A4B3-4048-A262-2C21C880120D}.Release|Any CPU.ActiveCfg = Release|Any CPU
		{83C25C98-A4B3-4048-A262-2C21C880120D}.Release|Any CPU.Build.0 = Release|Any CPU
		{83C25C98-A4B3-4048-A262-2C21C880120D}.Release|x64.ActiveCfg = Release|Any CPU
		{83C25C98-A4B3-4048-A262-2C21C880120D}.Release|x64.Build.0 = Release|Any CPU
		{83C25C98-A4B3-4048-A262-2C21C880120D}.Release|x86.ActiveCfg = Release|Any CPU
		{83C25C98-A4B3-4048-A262-2C21C880120D}.Release|x86.Build.0 = Release|Any CPU
		{F9461794-BA7B-4BBD-B57B-19FD3517380F}.Debug|Any CPU.ActiveCfg = Debug|Any CPU
		{F9461794-BA7B-4BBD-B57B-19FD3517380F}.Debug|Any CPU.Build.0 = Debug|Any CPU
		{F9461794-BA7B-4BBD-B57B-19FD3517380F}.Debug|x64.ActiveCfg = Debug|Any CPU
		{F9461794-BA7B-4BBD-B57B-19FD3517380F}.Debug|x64.Build.0 = Debug|Any CPU
		{F9461794-BA7B-4BBD-B57B-19FD3517380F}.Debug|x86.ActiveCfg = Debug|Any CPU
		{F9461794-BA7B-4BBD-B57B-19FD3517380F}.Debug|x86.Build.0 = Debug|Any CPU
		{F9461794-BA7B-4BBD-B57B-19FD3517380F}.Release|Any CPU.ActiveCfg = Release|Any CPU
		{F9461794-BA7B-4BBD-B57B-19FD3517380F}.Release|Any CPU.Build.0 = Release|Any CPU
		{F9461794-BA7B-4BBD-B57B-19FD3517380F}.Release|x64.ActiveCfg = Release|Any CPU
		{F9461794-BA7B-4BBD-B57B-19FD3517380F}.Release|x64.Build.0 = Release|Any CPU
		{F9461794-BA7B-4BBD-B57B-19FD3517380F}.Release|x86.ActiveCfg = Release|Any CPU
		{F9461794-BA7B-4BBD-B57B-19FD3517380F}.Release|x86.Build.0 = Release|Any CPU
		{C03DAA3A-2889-4E7B-96CE-65FBA264A780}.Debug|Any CPU.ActiveCfg = Debug|Any CPU
		{C03DAA3A-2889-4E7B-96CE-65FBA264A780}.Debug|Any CPU.Build.0 = Debug|Any CPU
		{C03DAA3A-2889-4E7B-96CE-65FBA264A780}.Debug|x64.ActiveCfg = Debug|Any CPU
		{C03DAA3A-2889-4E7B-96CE-65FBA264A780}.Debug|x64.Build.0 = Debug|Any CPU
		{C03DAA3A-2889-4E7B-96CE-65FBA264A780}.Debug|x86.ActiveCfg = Debug|Any CPU
		{C03DAA3A-2889-4E7B-96CE-65FBA264A780}.Debug|x86.Build.0 = Debug|Any CPU
		{C03DAA3A-2889-4E7B-96CE-65FBA264A780}.Release|Any CPU.ActiveCfg = Release|Any CPU
		{C03DAA3A-2889-4E7B-96CE-65FBA264A780}.Release|Any CPU.Build.0 = Release|Any CPU
		{C03DAA3A-2889-4E7B-96CE-65FBA264A780}.Release|x64.ActiveCfg = Release|Any CPU
		{C03DAA3A-2889-4E7B-96CE-65FBA264A780}.Release|x64.Build.0 = Release|Any CPU
		{C03DAA3A-2889-4E7B-96CE-65FBA264A780}.Release|x86.ActiveCfg = Release|Any CPU
		{C03DAA3A-2889-4E7B-96CE-65FBA264A780}.Release|x86.Build.0 = Release|Any CPU
		{CAE03C5C-6AFE-4E46-8CB3-59383FE6587D}.Debug|Any CPU.ActiveCfg = Debug|Any CPU
		{CAE03C5C-6AFE-4E46-8CB3-59383FE6587D}.Debug|Any CPU.Build.0 = Debug|Any CPU
		{CAE03C5C-6AFE-4E46-8CB3-59383FE6587D}.Debug|x64.ActiveCfg = Debug|Any CPU
		{CAE03C5C-6AFE-4E46-8CB3-59383FE6587D}.Debug|x64.Build.0 = Debug|Any CPU
		{CAE03C5C-6AFE-4E46-8CB3-59383FE6587D}.Debug|x86.ActiveCfg = Debug|Any CPU
		{CAE03C5C-6AFE-4E46-8CB3-59383FE6587D}.Debug|x86.Build.0 = Debug|Any CPU
		{CAE03C5C-6AFE-4E46-8CB3-59383FE6587D}.Release|Any CPU.ActiveCfg = Release|Any CPU
		{CAE03C5C-6AFE-4E46-8CB3-59383FE6587D}.Release|Any CPU.Build.0 = Release|Any CPU
		{CAE03C5C-6AFE-4E46-8CB3-59383FE6587D}.Release|x64.ActiveCfg = Release|Any CPU
		{CAE03C5C-6AFE-4E46-8CB3-59383FE6587D}.Release|x64.Build.0 = Release|Any CPU
		{CAE03C5C-6AFE-4E46-8CB3-59383FE6587D}.Release|x86.ActiveCfg = Release|Any CPU
		{CAE03C5C-6AFE-4E46-8CB3-59383FE6587D}.Release|x86.Build.0 = Release|Any CPU
		{0BBA046A-B242-438C-BF96-A5D55BE1E198}.Debug|Any CPU.ActiveCfg = Debug|Any CPU
		{0BBA046A-B242-438C-BF96-A5D55BE1E198}.Debug|Any CPU.Build.0 = Debug|Any CPU
		{0BBA046A-B242-438C-BF96-A5D55BE1E198}.Debug|x64.ActiveCfg = Debug|Any CPU
		{0BBA046A-B242-438C-BF96-A5D55BE1E198}.Debug|x64.Build.0 = Debug|Any CPU
		{0BBA046A-B242-438C-BF96-A5D55BE1E198}.Debug|x86.ActiveCfg = Debug|Any CPU
		{0BBA046A-B242-438C-BF96-A5D55BE1E198}.Debug|x86.Build.0 = Debug|Any CPU
		{0BBA046A-B242-438C-BF96-A5D55BE1E198}.Release|Any CPU.ActiveCfg = Release|Any CPU
		{0BBA046A-B242-438C-BF96-A5D55BE1E198}.Release|Any CPU.Build.0 = Release|Any CPU
		{0BBA046A-B242-438C-BF96-A5D55BE1E198}.Release|x64.ActiveCfg = Release|Any CPU
		{0BBA046A-B242-438C-BF96-A5D55BE1E198}.Release|x64.Build.0 = Release|Any CPU
		{0BBA046A-B242-438C-BF96-A5D55BE1E198}.Release|x86.ActiveCfg = Release|Any CPU
		{0BBA046A-B242-438C-BF96-A5D55BE1E198}.Release|x86.Build.0 = Release|Any CPU
	EndGlobalSection
	GlobalSection(SolutionProperties) = preSolution
		HideSolutionNode = FALSE
	EndGlobalSection
	GlobalSection(NestedProjects) = preSolution
		{2833F5AF-52AD-441B-A4D8-10C736B118B0} = {F0113337-E298-4D11-AA06-23B69C2337E0}
		{F9461794-BA7B-4BBD-B57B-19FD3517380F} = {F0113337-E298-4D11-AA06-23B69C2337E0}
		{CAE03C5C-6AFE-4E46-8CB3-59383FE6587D} = {F0113337-E298-4D11-AA06-23B69C2337E0}
		{0BBA046A-B242-438C-BF96-A5D55BE1E198} = {F0113337-E298-4D11-AA06-23B69C2337E0}
	EndGlobalSection
	GlobalSection(ExtensibilityGlobals) = postSolution
		SolutionGuid = {A7F47414-703D-47FF-A992-51F2D169D6F3}
	EndGlobalSection
EndGlobal
